
Microsoft Visual Studio Solution File, Format Version 12.00
# Visual Studio 14
VisualStudioVersion = 14.0.24720.0
MinimumVisualStudioVersion = 10.0.40219.1
Project("{FAE04EC0-301F-11D3-BF4B-00C04F79EFBC}") = "JobyCoWeb", "JobyCoWeb\JobyCoWeb.csproj", "{3A519319-799D-4D00-B8F9-87E0ED4FAA32}"
EndProject
Project("{FAE04EC0-301F-11D3-BF4B-00C04F79EFBC}") = "EntityLayer", "EntityLayer\EntityLayer.csproj", "{1E608C96-FD2B-4E47-A48C-E09831C6165F}"
EndProject
Project("{FAE04EC0-301F-11D3-BF4B-00C04F79EFBC}") = "DataAccessLayer", "DataAccessLayer\DataAccessLayer.csproj", "{751A0E46-3E7A-46F1-AC3A-CE557F436F51}"
EndProject
Project("{FAE04EC0-301F-11D3-BF4B-00C04F79EFBC}") = "SecurityLayer", "SecurityLayer\SecurityLayer.csproj", "{6215E965-47D0-4606-B276-CD1BC7CF1C7E}"
EndProject
Project("{FAE04EC0-301F-11D3-BF4B-00C04F79EFBC}") = "JobyCoWebCustomize", "JobyCoWebCustomize\JobyCoWebCustomize.csproj", "{D6B08F9D-F022-4605-B205-731849D5BE44}"
EndProject
Global
	GlobalSection(SolutionConfigurationPlatforms) = preSolution
		Debug|Any CPU = Debug|Any CPU
		Release|Any CPU = Release|Any CPU
	EndGlobalSection
	GlobalSection(ProjectConfigurationPlatforms) = postSolution
		{3A519319-799D-4D00-B8F9-87E0ED4FAA32}.Debug|Any CPU.ActiveCfg = Debug|Any CPU
		{3A519319-799D-4D00-B8F9-87E0ED4FAA32}.Debug|Any CPU.Build.0 = Debug|Any CPU
		{3A519319-799D-4D00-B8F9-87E0ED4FAA32}.Release|Any CPU.ActiveCfg = Release|Any CPU
		{3A519319-799D-4D00-B8F9-87E0ED4FAA32}.Release|Any CPU.Build.0 = Release|Any CPU
		{1E608C96-FD2B-4E47-A48C-E09831C6165F}.Debug|Any CPU.ActiveCfg = Debug|Any CPU
		{1E608C96-FD2B-4E47-A48C-E09831C6165F}.Debug|Any CPU.Build.0 = Debug|Any CPU
		{1E608C96-FD2B-4E47-A48C-E09831C6165F}.Release|Any CPU.ActiveCfg = Release|Any CPU
		{1E608C96-FD2B-4E47-A48C-E09831C6165F}.Release|Any CPU.Build.0 = Release|Any CPU
		{751A0E46-3E7A-46F1-AC3A-CE557F436F51}.Debug|Any CPU.ActiveCfg = Debug|Any CPU
		{751A0E46-3E7A-46F1-AC3A-CE557F436F51}.Debug|Any CPU.Build.0 = Debug|Any CPU
		{751A0E46-3E7A-46F1-AC3A-CE557F436F51}.Release|Any CPU.ActiveCfg = Release|Any CPU
		{751A0E46-3E7A-46F1-AC3A-CE557F436F51}.Release|Any CPU.Build.0 = Release|Any CPU
		{6215E965-47D0-4606-B276-CD1BC7CF1C7E}.Debug|Any CPU.ActiveCfg = Debug|Any CPU
		{6215E965-47D0-4606-B276-CD1BC7CF1C7E}.Debug|Any CPU.Build.0 = Debug|Any CPU
		{6215E965-47D0-4606-B276-CD1BC7CF1C7E}.Release|Any CPU.ActiveCfg = Release|Any CPU
		{6215E965-47D0-4606-B276-CD1BC7CF1C7E}.Release|Any CPU.Build.0 = Release|Any CPU
		{D6B08F9D-F022-4605-B205-731849D5BE44}.Debug|Any CPU.ActiveCfg = Debug|Any CPU
		{D6B08F9D-F022-4605-B205-731849D5BE44}.Debug|Any CPU.Build.0 = Debug|Any CPU
		{D6B08F9D-F022-4605-B205-731849D5BE44}.Release|Any CPU.ActiveCfg = Release|Any CPU
		{D6B08F9D-F022-4605-B205-731849D5BE44}.Release|Any CPU.Build.0 = Release|Any CPU
	EndGlobalSection
	GlobalSection(SolutionProperties) = preSolution
		HideSolutionNode = FALSE
	EndGlobalSection
EndGlobal
